github.com/google/go-cmp v0.6.0 h1:ofyhxvXcZhMsU5ulbFiLKl/XBFqE1GSq7atu8tAmTRI=
github.com/google/go-cmp v0.6.0/go.mod h1:17dUlkBOakJ0+DkrSSNjCkIjxS6bF9zb3elmeNGIjoY=
github.com/miekg/dns v1.1.72 h1:vhmr+TF2A3tuoGNkLDFK9zi36F2LS+hKTRW0Uf8kbzI=
github.com/miekg/dns v1.1.72/go.mod h1:+EuEPhdHOsfk6Wk5TT2CzssZdqkmFhf8r+aVyDEToIs=
github.com/usbarmory/tamago v1.26.4 h1:laFvRANKgVYFHxLHjIlhqJCc3Xm+qMyab2SlUoNw6zY=
github.com/usbarmory/tamago v1.26.4/go.mod h1:HZkb+ZkzFl8aCxAuF7exsKX+XaNM0mYG9Iv7ooX1WDY=
github.com/xinix00/HopOS/metal/v2 v2.2.4 h1:sfzlhyTRzUcHEtj/q574naRFNxAx5F4rJU4UTRfusCI=
github.com/xinix00/HopOS/metal/v2 v2.2.4/go.mod h1:n0/QSQ8JyDhYUU6m8MlQWQ7Q7BvM5P83NQkkyG4tAmc=
github.com/xinix00/hoplib v0.1.0 h1:iXpM1g+4Egp3FY4bk7gVKGmcGHX6kzNsRqRZNwW7Abw=
github.com/xinix00/hoplib v0.1.0/go.mod h1:qpRYSsWr5FZOoTnDxOFjkLJt+5GVYwYYz6G0zPMTMms=
github.com/xinix00/lean v1.1.1 h1:ACx7zTdk3XZzetryL/euj8LJpSLjsBK9xyqWmG/cBH8=
github.com/xinix00/lean v1.1.1/go.mod h1:gRIa2nL/SIEsi1L/eq9EUqrKQ+jnjxUGb3IAsuVQX7U=
golang.org/x/mod v0.31.0 h1:HaW9xtz0+kOcWKwli0ZXy79Ix+UW/vOfmWI5QVd2tgI=
golang.org/x/mod v0.31.0/go.mod h1:43JraMp9cGx1Rx3AqioxrbrhNsLl2l/iNAvuBkrezpg=
golang.org/x/net v0.48.0 h1:zyQRTTrjc33Lhh0fBgT/H3oZq9WuvRR5gPC70xpDiQU=
golang.org/x/net v0.48.0/go.mod h1:+ndRgGjkh8FGtu1w1FGbEC31if4VrNVMuKTgcAAnQRY=
golang.org/x/sync v0.19.0 h1:vV+1eWNmZ5geRlYjzm2adRgW2/mcpevXNg50YZtPCE4=
golang.org/x/sync v0.19.0/go.mod h1:9KTHXmSnoGruLpwFjVSX0lNNA75CykiMECbovNTZqGI=
golang.org/x/sys v0.44.0 h1:ildZl3J4uzeKP07r2F++Op7E9B29JRUy+a27EibtBTQ=
golang.org/x/sys v0.44.0/go.mod h1:4GL1E5IUh+htKOUEOaiffhrAeqysfVGipDYzABqnCmw=
golang.org/x/tools v0.40.0 h1:yLkxfA+Qnul4cs9QA3KnlFu0lVmd8JJfoq+E41uSutA=
golang.org/x/tools v0.40.0/go.mod h1:Ik/tzLRlbscWpqqMRjyWYDisX8bG13FrdXp3o4Sr9lc=
gopkg.in/check.v1 v0.0.0-20161208181325-20d25e280405 h1:yhCVgyC4o1eVCa2tZl7eS0r+SDo693bJlVdllGtEeKM=
gopkg.in/check.v1 v0.0.0-20161208181325-20d25e280405/go.mod h1:Co6ibVJAznAaIkqp8huTwlJQCZ016jof/cbN4VW5Yz0=
gopkg.in/yaml.v3 v3.0.1 h1:fxVm/GzAzEWqLHuvctI91KS9hhNmmWOoWu0XTYJS7CA=
gopkg.in/yaml.v3 v3.0.1/go.mod h1:K4uyk7z7BCEPqu6E+C64Yfv1cQ7kz7rIZviUmN+EgEM=
